
Microsoft Visual Studio Solution File, Format Version 12.00
# Visual Studio Version 17
VisualStudioVersion = 17.6.33829.357
MinimumVisualStudioVersion = 10.0.40219.1
Project("{FAE04EC0-301F-11D3-BF4B-00C04F79EFBC}") = "AbulalasElementaryApp", "AbulalasElementaryApp\AbulalasElementaryApp.csproj", "{F4272597-ED4B-4A1F-AFE7-3B987BBC20CA}"
EndProject
Global
	GlobalSection(SolutionConfigurationPlatforms) = preSolution
		Debug|Any CPU = Debug|Any CPU
		Release|Any CPU = Release|Any CPU
	EndGlobalSection
	GlobalSection(ProjectConfigurationPlatforms) = postSolution
		{F4272597-ED4B-4A1F-AFE7-3B987BBC20CA}.Debug|Any CPU.ActiveCfg = Debug|Any CPU
		{F4272597-ED4B-4A1F-AFE7-3B987BBC20CA}.Debug|Any CPU.Build.0 = Debug|Any CPU
		{F4272597-ED4B-4A1F-AFE7-3B987BBC20CA}.Release|Any CPU.ActiveCfg = Release|Any CPU
		{F4272597-ED4B-4A1F-AFE7-3B987BBC20CA}.Release|Any CPU.Build.0 = Release|Any CPU
	EndGlobalSection
	GlobalSection(SolutionProperties) = preSolution
		HideSolutionNode = FALSE
	EndGlobalSection
	GlobalSection(ExtensibilityGlobals) = postSolution
		SolutionGuid = {1569BA6D-F0A6-4686-944C-E1055A59410A}
	EndGlobalSection
EndGlobal
